
Microsoft Visual Studio Solution File, Format Version 11.00
# Visual Studio 2010
Project("{FAE04EC0-301F-11D3-BF4B-00C04F79EFBC}") = "Assembly-CSharp", "Assembly-CSharp.csproj", "{feb5dec5-6e73-6623-ae34-cb48997c0468}"
EndProject
Project("{FAE04EC0-301F-11D3-BF4B-00C04F79EFBC}") = "CFXRDemo", "CFXRDemo.csproj", "{40389f47-011d-7ddb-be86-98ee67ba4fb7}"
EndProject
Project("{FAE04EC0-301F-11D3-BF4B-00C04F79EFBC}") = "CFXRRuntime", "CFXRRuntime.csproj", "{74952511-34d9-0df0-90e2-96c3d0982c40}"
EndProject
Project("{FAE04EC0-301F-11D3-BF4B-00C04F79EFBC}") = "KinoBloom.Runtime", "KinoBloom.Runtime.csproj", "{2c0a222c-24d0-b838-d0bd-c637b3e6282d}"
EndProject
Project("{FAE04EC0-301F-11D3-BF4B-00C04F79EFBC}") = "CFXREditor", "CFXREditor.csproj", "{26b02928-5182-affd-6667-5dddfe55f04e}"
EndProject
Project("{FAE04EC0-301F-11D3-BF4B-00C04F79EFBC}") = "CFXR.WelcomeScreen", "CFXR.WelcomeScreen.csproj", "{b596e0c4-ee5b-75f6-3bb6-0364fe94fab0}"
EndProject
Project("{FAE04EC0-301F-11D3-BF4B-00C04F79EFBC}") = "ToonyColorsPro.Demo.Editor", "ToonyColorsPro.Demo.Editor.csproj", "{6e2690d6-f5f5-3733-3ab4-0946319b5646}"
EndProject
Global
	GlobalSection(SolutionConfigurationPlatforms) = preSolution
		Debug|Any CPU = Debug|Any CPU
	EndGlobalSection
	GlobalSection(ProjectConfigurationPlatforms) = postSolution
		{feb5dec5-6e73-6623-ae34-cb48997c0468}.Debug|Any CPU.ActiveCfg = Debug|Any CPU
		{feb5dec5-6e73-6623-ae34-cb48997c0468}.Debug|Any CPU.Build.0 = Debug|Any CPU
		{40389f47-011d-7ddb-be86-98ee67ba4fb7}.Debug|Any CPU.ActiveCfg = Debug|Any CPU
		{40389f47-011d-7ddb-be86-98ee67ba4fb7}.Debug|Any CPU.Build.0 = Debug|Any CPU
		{74952511-34d9-0df0-90e2-96c3d0982c40}.Debug|Any CPU.ActiveCfg = Debug|Any CPU
		{74952511-34d9-0df0-90e2-96c3d0982c40}.Debug|Any CPU.Build.0 = Debug|Any CPU
		{2c0a222c-24d0-b838-d0bd-c637b3e6282d}.Debug|Any CPU.ActiveCfg = Debug|Any CPU
		{2c0a222c-24d0-b838-d0bd-c637b3e6282d}.Debug|Any CPU.Build.0 = Debug|Any CPU
		{26b02928-5182-affd-6667-5dddfe55f04e}.Debug|Any CPU.ActiveCfg = Debug|Any CPU
		{26b02928-5182-affd-6667-5dddfe55f04e}.Debug|Any CPU.Build.0 = Debug|Any CPU
		{b596e0c4-ee5b-75f6-3bb6-0364fe94fab0}.Debug|Any CPU.ActiveCfg = Debug|Any CPU
		{b596e0c4-ee5b-75f6-3bb6-0364fe94fab0}.Debug|Any CPU.Build.0 = Debug|Any CPU
		{6e2690d6-f5f5-3733-3ab4-0946319b5646}.Debug|Any CPU.ActiveCfg = Debug|Any CPU
		{6e2690d6-f5f5-3733-3ab4-0946319b5646}.Debug|Any CPU.Build.0 = Debug|Any CPU
	EndGlobalSection
	GlobalSection(SolutionProperties) = preSolution
		HideSolutionNode = FALSE
	EndGlobalSection
EndGlobal
